
Microsoft Visual Studio Solution File, Format Version 12.00
# Visual Studio 15
VisualStudioVersion = 15.0.25920.0
MinimumVisualStudioVersion = 10.0.40219.1
Project("{8BC9CEB8-8B4A-11D0-8D11-00A0C91BC942}") = "Siyphus", "Sisyphus.vcxproj", "{B9E3E7B8-DE9B-43A3-9D2A-A5B14144870C}"
EndProject
Project("{8BC9CEB8-8B4A-11D0-8D11-00A0C91BC942}") = "Cove", "Cove.vcxproj", "{DD3CB04B-BD3F-49DF-A822-C43C1067E251}"
EndProject
Project("{8BC9CEB8-8B4A-11D0-8D11-00A0C91BC942}") = "Rube", "Rube.vcxproj", "{DA20F347-01AB-4478-993D-0BA6AA0A89D0}"
EndProject
Global
	GlobalSection(SolutionConfigurationPlatforms) = preSolution
		Debug|x64 = Debug|x64
		Debug|x86 = Debug|x86
		Release|x64 = Release|x64
		Release|x86 = Release|x86
	EndGlobalSection
	GlobalSection(ProjectConfigurationPlatforms) = postSolution
		{B9E3E7B8-DE9B-43A3-9D2A-A5B14144870C}.Debug|x64.ActiveCfg = Debug|x64
		{B9E3E7B8-DE9B-43A3-9D2A-A5B14144870C}.Debug|x64.Build.0 = Debug|x64
		{B9E3E7B8-DE9B-43A3-9D2A-A5B14144870C}.Debug|x86.ActiveCfg = Debug|Win32
		{B9E3E7B8-DE9B-43A3-9D2A-A5B14144870C}.Debug|x86.Build.0 = Debug|Win32
		{B9E3E7B8-DE9B-43A3-9D2A-A5B14144870C}.Release|x64.ActiveCfg = Release|x64
		{B9E3E7B8-DE9B-43A3-9D2A-A5B14144870C}.Release|x64.Build.0 = Release|x64
		{B9E3E7B8-DE9B-43A3-9D2A-A5B14144870C}.Release|x86.ActiveCfg = Release|Win32
		{B9E3E7B8-DE9B-43A3-9D2A-A5B14144870C}.Release|x86.Build.0 = Release|Win32
		{DD3CB04B-BD3F-49DF-A822-C43C1067E251}.Debug|x64.ActiveCfg = Debug|x64
		{DD3CB04B-BD3F-49DF-A822-C43C1067E251}.Debug|x64.Build.0 = Debug|x64
		{DD3CB04B-BD3F-49DF-A822-C43C1067E251}.Debug|x86.ActiveCfg = Debug|Win32
		{DD3CB04B-BD3F-49DF-A822-C43C1067E251}.Debug|x86.Build.0 = Debug|Win32
		{DD3CB04B-BD3F-49DF-A822-C43C1067E251}.Release|x64.ActiveCfg = Release|x64
		{DD3CB04B-BD3F-49DF-A822-C43C1067E251}.Release|x64.Build.0 = Release|x64
		{DD3CB04B-BD3F-49DF-A822-C43C1067E251}.Release|x86.ActiveCfg = Release|Win32
		{DD3CB04B-BD3F-49DF-A822-C43C1067E251}.Release|x86.Build.0 = Release|Win32
		{DA20F347-01AB-4478-993D-0BA6AA0A89D0}.Debug|x64.ActiveCfg = Debug|x64
		{DA20F347-01AB-4478-993D-0BA6AA0A89D0}.Debug|x64.Build.0 = Debug|x64
		{DA20F347-01AB-4478-993D-0BA6AA0A89D0}.Debug|x86.ActiveCfg = Debug|Win32
		{DA20F347-01AB-4478-993D-0BA6AA0A89D0}.Debug|x86.Build.0 = Debug|Win32
		{DA20F347-01AB-4478-993D-0BA6AA0A89D0}.Release|x64.ActiveCfg = Release|x64
		{DA20F347-01AB-4478-993D-0BA6AA0A89D0}.Release|x64.Build.0 = Release|x64
		{DA20F347-01AB-4478-993D-0BA6AA0A89D0}.Release|x86.ActiveCfg = Release|Win32
		{DA20F347-01AB-4478-993D-0BA6AA0A89D0}.Release|x86.Build.0 = Release|Win32
	EndGlobalSection
	GlobalSection(SolutionProperties) = preSolution
		HideSolutionNode = FALSE
	EndGlobalSection
EndGlobal
